// !$*UTF8*$!
{
	archiveVersion = 1;
	classes = {
	};
	objectVersion = 56;
	objects = {

/* Begin PBXBuildFile section */
		8A00DCE12CED227200690360 /* EditToDoViewController.swift in Sources */ = {isa = PBXBuildFile; fileRef = 8A00DCE02CED227200690360 /* EditToDoViewController.swift */; };
		8A00DCE32CEDF52C00690360 /* CreateToDoViewController.swift in Sources */ = {isa = PBXBuildFile; fileRef = 8A00DCE22CEDF52C00690360 /* CreateToDoViewController.swift */; };
		8A72F4CF2CEB717300EF390F /* AppDelegate.swift in Sources */ = {isa = PBXBuildFile; fileRef = 8A72F4CE2CEB717300EF390F /* AppDelegate.swift */; };
		8A72F4D12CEB717300EF390F /* SceneDelegate.swift in Sources */ = {isa = PBXBuildFile; fileRef = 8A72F4D02CEB717300EF390F /* SceneDelegate.swift */; };
		8A72F4D62CEB717300EF390F /* Base in Resources */ = {isa = PBXBuildFile; fileRef = 8A72F4D52CEB717300EF390F /* Base */; };
		8A72F4DB2CEB717500EF390F /* Assets.xcassets in Resources */ = {isa = PBXBuildFile; fileRef = 8A72F4DA2CEB717500EF390F /* Assets.xcassets */; };
		8A72F4DE2CEB717500EF390F /* Base in Resources */ = {isa = PBXBuildFile; fileRef = 8A72F4DD2CEB717500EF390F /* Base */; };
		8A72F4E92CEB717500EF390F /* ToDo_ListTests.swift in Sources */ = {isa = PBXBuildFile; fileRef = 8A72F4E82CEB717500EF390F /* ToDo_ListTests.swift */; };
		8A72F4F32CEB717500EF390F /* ToDo_ListUITests.swift in Sources */ = {isa = PBXBuildFile; fileRef = 8A72F4F22CEB717500EF390F /* ToDo_ListUITests.swift */; };
		8A72F4F52CEB717500EF390F /* ToDo_ListUITestsLaunchTests.swift in Sources */ = {isa = PBXBuildFile; fileRef = 8A72F4F42CEB717500EF390F /* ToDo_ListUITestsLaunchTests.swift */; };
		8A72F50A2CEB75E700EF390F /* ToDoListViewController.swift in Sources */ = {isa = PBXBuildFile; fileRef = 8A72F5092CEB75E700EF390F /* ToDoListViewController.swift */; };
		8A72F50C2CEB7A0C00EF390F /* ToDoTableViewCell.swift in Sources */ = {isa = PBXBuildFile; fileRef = 8A72F50B2CEB7A0C00EF390F /* ToDoTableViewCell.swift */; };
		8A7B5EDD2CECAB4D003F516F /* ToDoListManager.swift in Sources */ = {isa = PBXBuildFile; fileRef = 8A7B5EDC2CECAB4D003F516F /* ToDoListManager.swift */; };
		8AB53ED62CECF5E4005F7ADC /* ToDoResponse.swift in Sources */ = {isa = PBXBuildFile; fileRef = 8AB53ED42CECF5E4005F7ADC /* ToDoResponse.swift */; };
		8AB53ED72CECF5E4005F7ADC /* ToDo.swift in Sources */ = {isa = PBXBuildFile; fileRef = 8AB53ED52CECF5E4005F7ADC /* ToDo.swift */; };
		8ADD6BA62CEB9CF200986F0E /* Constants.swift in Sources */ = {isa = PBXBuildFile; fileRef = 8ADD6BA52CEB9CF200986F0E /* Constants.swift */; };
		8ADD6BAA2CEBA0D700986F0E /* ToDoListItem.xcdatamodeld in Sources */ = {isa = PBXBuildFile; fileRef = 8ADD6BA82CEBA0D700986F0E /* ToDoListItem.xcdatamodeld */; };
		8ADD6BAC2CEBA11200986F0E /* CoreDataManager.swift in Sources */ = {isa = PBXBuildFile; fileRef = 8ADD6BAB2CEBA11200986F0E /* CoreDataManager.swift */; };
		8ADD6BB32CEBDF4C00986F0E /* ToDoListItem+CoreDataClass.swift in Sources */ = {isa = PBXBuildFile; fileRef = 8ADD6BB12CEBDF4C00986F0E /* ToDoListItem+CoreDataClass.swift */; };
		8ADD6BB42CEBDF4C00986F0E /* ToDoListItem+CoreDataProperties.swift in Sources */ = {isa = PBXBuildFile; fileRef = 8ADD6BB22CEBDF4C00986F0E /* ToDoListItem+CoreDataProperties.swift */; };
/* End PBXBuildFile section */

/* Begin PBXContainerItemProxy section */
		8A72F4E52CEB717500EF390F /* PBXContainerItemProxy */ = {
			isa = PBXContainerItemProxy;
			containerPortal = 8A72F4C32CEB717300EF390F /* Project object */;
			proxyType = 1;
			remoteGlobalIDString = 8A72F4CA2CEB717300EF390F;
			remoteInfo = "ToDo List";
		};
		8A72F4EF2CEB717500EF390F /* PBXContainerItemProxy */ = {
			isa = PBXContainerItemProxy;
			containerPortal = 8A72F4C32CEB717300EF390F /* Project object */;
			proxyType = 1;
			remoteGlobalIDString = 8A72F4CA2CEB717300EF390F;
			remoteInfo = "ToDo List";
		};
/* End PBXContainerItemProxy section */

/* Begin PBXFileReference section */
		8A00DCE02CED227200690360 /* EditToDoViewController.swift */ = {isa = PBXFileReference; lastKnownFileType = sourcecode.swift; path = EditToDoViewController.swift; sourceTree = "<group>"; };
		8A00DCE22CEDF52C00690360 /* CreateToDoViewController.swift */ = {isa = PBXFileReference; lastKnownFileType = sourcecode.swift; path = CreateToDoViewController.swift; sourceTree = "<group>"; };
		8A72F4CB2CEB717300EF390F /* ToDo List.app */ = {isa = PBXFileReference; explicitFileType = wrapper.application; includeInIndex = 0; path = "ToDo List.app"; sourceTree = BUILT_PRODUCTS_DIR; };
		8A72F4CE2CEB717300EF390F /* AppDelegate.swift */ = {isa = PBXFileReference; lastKnownFileType = sourcecode.swift; path = AppDelegate.swift; sourceTree = "<group>"; };
		8A72F4D02CEB717300EF390F /* SceneDelegate.swift */ = {isa = PBXFileReference; lastKnownFileType = sourcecode.swift; path = SceneDelegate.swift; sourceTree = "<group>"; };
		8A72F4D52CEB717300EF390F /* Base */ = {isa = PBXFileReference; lastKnownFileType = file.storyboard; name = Base; path = Base.lproj/Main.storyboard; sourceTree = "<group>"; };
		8A72F4DA2CEB717500EF390F /* Assets.xcassets */ = {isa = PBXFileReference; lastKnownFileType = folder.assetcatalog; path = Assets.xcassets; sourceTree = "<group>"; };
		8A72F4DD2CEB717500EF390F /* Base */ = {isa = PBXFileReference; lastKnownFileType = file.storyboard; name = Base; path = Base.lproj/LaunchScreen.storyboard; sourceTree = "<group>"; };
		8A72F4DF2CEB717500EF390F /* Info.plist */ = {isa = PBXFileReference; lastKnownFileType = text.plist.xml; path = Info.plist; sourceTree = "<group>"; };
		8A72F4E42CEB717500EF390F /* ToDo ListTests.xctest */ = {isa = PBXFileReference; explicitFileType = wrapper.cfbundle; includeInIndex = 0; path = "ToDo ListTests.xctest"; sourceTree = BUILT_PRODUCTS_DIR; };
		8A72F4E82CEB717500EF390F /* ToDo_ListTests.swift */ = {isa = PBXFileReference; lastKnownFileType = sourcecode.swift; path = ToDo_ListTests.swift; sourceTree = "<group>"; };
		8A72F4EE2CEB717500EF390F /* ToDo ListUITests.xctest */ = {isa = PBXFileReference; explicitFileType = wrapper.cfbundle; includeInIndex = 0; path = "ToDo ListUITests.xctest"; sourceTree = BUILT_PRODUCTS_DIR; };
		8A72F4F22CEB717500EF390F /* ToDo_ListUITests.swift */ = {isa = PBXFileReference; lastKnownFileType = sourcecode.swift; path = ToDo_ListUITests.swift; sourceTree = "<group>"; };
		8A72F4F42CEB717500EF390F /* ToDo_ListUITestsLaunchTests.swift */ = {isa = PBXFileReference; lastKnownFileType = sourcecode.swift; path = ToDo_ListUITestsLaunchTests.swift; sourceTree = "<group>"; };
		8A72F5092CEB75E700EF390F /* ToDoListViewController.swift */ = {isa = PBXFileReference; lastKnownFileType = sourcecode.swift; path = ToDoListViewController.swift; sourceTree = "<group>"; };
		8A72F50B2CEB7A0C00EF390F /* ToDoTableViewCell.swift */ = {isa = PBXFileReference; lastKnownFileType = sourcecode.swift; path = ToDoTableViewCell.swift; sourceTree = "<group>"; };
		8A7B5EDC2CECAB4D003F516F /* ToDoListManager.swift */ = {isa = PBXFileReference; lastKnownFileType = sourcecode.swift; path = ToDoListManager.swift; sourceTree = "<group>"; };
		8AB53ED42CECF5E4005F7ADC /* ToDoResponse.swift */ = {isa = PBXFileReference; fileEncoding = 4; lastKnownFileType = sourcecode.swift; path = ToDoResponse.swift; sourceTree = "<group>"; };
		8AB53ED52CECF5E4005F7ADC /* ToDo.swift */ = {isa = PBXFileReference; fileEncoding = 4; lastKnownFileType = sourcecode.swift; path = ToDo.swift; sourceTree = "<group>"; };
		8ADD6BA52CEB9CF200986F0E /* Constants.swift */ = {isa = PBXFileReference; lastKnownFileType = sourcecode.swift; path = Constants.swift; sourceTree = "<group>"; };
		8ADD6BA92CEBA0D700986F0E /* ToDo.xcdatamodel */ = {isa = PBXFileReference; lastKnownFileType = wrapper.xcdatamodel; path = ToDo.xcdatamodel; sourceTree = "<group>"; };
		8ADD6BAB2CEBA11200986F0E /* CoreDataManager.swift */ = {isa = PBXFileReference; lastKnownFileType = sourcecode.swift; path = CoreDataManager.swift; sourceTree = "<group>"; };
		8ADD6BB12CEBDF4C00986F0E /* ToDoListItem+CoreDataClass.swift */ = {isa = PBXFileReference; lastKnownFileType = sourcecode.swift; path = "ToDoListItem+CoreDataClass.swift"; sourceTree = "<group>"; };
		8ADD6BB22CEBDF4C00986F0E /* ToDoListItem+CoreDataProperties.swift */ = {isa = PBXFileReference; lastKnownFileType = sourcecode.swift; path = "ToDoListItem+CoreDataProperties.swift"; sourceTree = "<group>"; };
/* End PBXFileReference section */

/* Begin PBXFrameworksBuildPhase section */
		8A72F4C82CEB717300EF390F /* Frameworks */ = {
			isa = PBXFrameworksBuildPhase;
			buildActionMask = 2147483647;
			files = (
			);
			runOnlyForDeploymentPostprocessing = 0;
		};
		8A72F4E12CEB717500EF390F /* Frameworks */ = {
			isa = PBXFrameworksBuildPhase;
			buildActionMask = 2147483647;
			files = (
			);
			runOnlyForDeploymentPostprocessing = 0;
		};
		8A72F4EB2CEB717500EF390F /* Frameworks */ = {
			isa = PBXFrameworksBuildPhase;
			buildActionMask = 2147483647;
			files = (
			);
			runOnlyForDeploymentPostprocessing = 0;
		};
/* End PBXFrameworksBuildPhase section */

/* Begin PBXGroup section */
		8A72F4C22CEB717300EF390F = {
			isa = PBXGroup;
			children = (
				8A72F4CD2CEB717300EF390F /* ToDo List */,
				8A72F4E72CEB717500EF390F /* ToDo ListTests */,
				8A72F4F12CEB717500EF390F /* ToDo ListUITests */,
				8A72F4CC2CEB717300EF390F /* Products */,
			);
			sourceTree = "<group>";
		};
		8A72F4CC2CEB717300EF390F /* Products */ = {
			isa = PBXGroup;
			children = (
				8A72F4CB2CEB717300EF390F /* ToDo List.app */,
				8A72F4E42CEB717500EF390F /* ToDo ListTests.xctest */,
				8A72F4EE2CEB717500EF390F /* ToDo ListUITests.xctest */,
			);
			name = Products;
			sourceTree = "<group>";
		};
		8A72F4CD2CEB717300EF390F /* ToDo List */ = {
			isa = PBXGroup;
			children = (
				8A7B5EDB2CECAB36003F516F /* Managers */,
				8A72F5042CEB724700EF390F /* Handy */,
				8A72F5012CEB722B00EF390F /* Model */,
				8A72F5022CEB723400EF390F /* View */,
				8A72F5032CEB723900EF390F /* Controller */,
				8A72F4CE2CEB717300EF390F /* AppDelegate.swift */,
				8A72F4D02CEB717300EF390F /* SceneDelegate.swift */,
				8A72F4D42CEB717300EF390F /* Main.storyboard */,
				8A72F4DA2CEB717500EF390F /* Assets.xcassets */,
				8A72F4DC2CEB717500EF390F /* LaunchScreen.storyboard */,
				8A72F4DF2CEB717500EF390F /* Info.plist */,
			);
			path = "ToDo List";
			sourceTree = "<group>";
		};
		8A72F4E72CEB717500EF390F /* ToDo ListTests */ = {
			isa = PBXGroup;
			children = (
				8A72F4E82CEB717500EF390F /* ToDo_ListTests.swift */,
			);
			path = "ToDo ListTests";
			sourceTree = "<group>";
		};
		8A72F4F12CEB717500EF390F /* ToDo ListUITests */ = {
			isa = PBXGroup;
			children = (
				8A72F4F22CEB717500EF390F /* ToDo_ListUITests.swift */,
				8A72F4F42CEB717500EF390F /* ToDo_ListUITestsLaunchTests.swift */,
			);
			path = "ToDo ListUITests";
			sourceTree = "<group>";
		};
		8A72F5012CEB722B00EF390F /* Model */ = {
			isa = PBXGroup;
			children = (
				8AB53ED52CECF5E4005F7ADC /* ToDo.swift */,
				8AB53ED42CECF5E4005F7ADC /* ToDoResponse.swift */,
				8ADD6BA72CEBA0B800986F0E /* CoreData */,
			);
			path = Model;
			sourceTree = "<group>";
		};
		8A72F5022CEB723400EF390F /* View */ = {
			isa = PBXGroup;
			children = (
				8A72F50B2CEB7A0C00EF390F /* ToDoTableViewCell.swift */,
			);
			path = View;
			sourceTree = "<group>";
		};
		8A72F5032CEB723900EF390F /* Controller */ = {
			isa = PBXGroup;
			children = (
				8A72F5092CEB75E700EF390F /* ToDoListViewController.swift */,
				8A00DCE02CED227200690360 /* EditToDoViewController.swift */,
				8A00DCE22CEDF52C00690360 /* CreateToDoViewController.swift */,
			);
			path = Controller;
			sourceTree = "<group>";
		};
		8A72F5042CEB724700EF390F /* Handy */ = {
			isa = PBXGroup;
			children = (
				8ADD6BA52CEB9CF200986F0E /* Constants.swift */,
			);
			path = Handy;
			sourceTree = "<group>";
		};
		8A7B5EDB2CECAB36003F516F /* Managers */ = {
			isa = PBXGroup;
			children = (
				8ADD6BAB2CEBA11200986F0E /* CoreDataManager.swift */,
				8A7B5EDC2CECAB4D003F516F /* ToDoListManager.swift */,
			);
			path = Managers;
			sourceTree = "<group>";
		};
		8ADD6BA72CEBA0B800986F0E /* CoreData */ = {
			isa = PBXGroup;
			children = (
				8ADD6BB12CEBDF4C00986F0E /* ToDoListItem+CoreDataClass.swift */,
				8ADD6BB22CEBDF4C00986F0E /* ToDoListItem+CoreDataProperties.swift */,
				8ADD6BA82CEBA0D700986F0E /* ToDoListItem.xcdatamodeld */,
			);
			path = CoreData;
			sourceTree = "<group>";
		};
/* End PBXGroup section */

/* Begin PBXNativeTarget section */
		8A72F4CA2CEB717300EF390F /* ToDo List */ = {
			isa = PBXNativeTarget;
			buildConfigurationList = 8A72F4F82CEB717500EF390F /* Build configuration list for PBXNativeTarget "ToDo List" */;
			buildPhases = (
				8A72F4C72CEB717300EF390F /* Sources */,
				8A72F4C82CEB717300EF390F /* Frameworks */,
				8A72F4C92CEB717300EF390F /* Resources */,
			);
			buildRules = (
			);
			dependencies = (
			);
			name = "ToDo List";
			productName = "ToDo List";
			productReference = 8A72F4CB2CEB717300EF390F /* ToDo List.app */;
			productType = "com.apple.product-type.application";
		};
		8A72F4E32CEB717500EF390F /* ToDo ListTests */ = {
			isa = PBXNativeTarget;
			buildConfigurationList = 8A72F4FB2CEB717600EF390F /* Build configuration list for PBXNativeTarget "ToDo ListTests" */;
			buildPhases = (
				8A72F4E02CEB717500EF390F /* Sources */,
				8A72F4E12CEB717500EF390F /* Frameworks */,
				8A72F4E22CEB717500EF390F /* Resources */,
			);
			buildRules = (
			);
			dependencies = (
				8A72F4E62CEB717500EF390F /* PBXTargetDependency */,
			);
			name = "ToDo ListTests";
			productName = "ToDo ListTests";
			productReference = 8A72F4E42CEB717500EF390F /* ToDo ListTests.xctest */;
			productType = "com.apple.product-type.bundle.unit-test";
		};
		8A72F4ED2CEB717500EF390F /* ToDo ListUITests */ = {
			isa = PBXNativeTarget;
			buildConfigurationList = 8A72F4FE2CEB717600EF390F /* Build configuration list for PBXNativeTarget "ToDo ListUITests" */;
			buildPhases = (
				8A72F4EA2CEB717500EF390F /* Sources */,
				8A72F4EB2CEB717500EF390F /* Frameworks */,
				8A72F4EC2CEB717500EF390F /* Resources */,
			);
			buildRules = (
			);
			dependencies = (
				8A72F4F02CEB717500EF390F /* PBXTargetDependency */,
			);
			name = "ToDo ListUITests";
			productName = "ToDo ListUITests";
			productReference = 8A72F4EE2CEB717500EF390F /* ToDo ListUITests.xctest */;
			productType = "com.apple.product-type.bundle.ui-testing";
		};
/* End PBXNativeTarget section */

/* Begin PBXProject section */
		8A72F4C32CEB717300EF390F /* Project object */ = {
			isa = PBXProject;
			attributes = {
				BuildIndependentTargetsInParallel = 1;
				LastSwiftUpdateCheck = 1540;
				LastUpgradeCheck = 1540;
				TargetAttributes = {
					8A72F4CA2CEB717300EF390F = {
						CreatedOnToolsVersion = 15.4;
					};
					8A72F4E32CEB717500EF390F = {
						CreatedOnToolsVersion = 15.4;
						TestTargetID = 8A72F4CA2CEB717300EF390F;
					};
					8A72F4ED2CEB717500EF390F = {
						CreatedOnToolsVersion = 15.4;
						TestTargetID = 8A72F4CA2CEB717300EF390F;
					};
				};
			};
			buildConfigurationList = 8A72F4C62CEB717300EF390F /* Build configuration list for PBXProject "ToDo List" */;
			compatibilityVersion = "Xcode 14.0";
			developmentRegion = en;
			hasScannedForEncodings = 0;
			knownRegions = (
				en,
				Base,
			);
			mainGroup = 8A72F4C22CEB717300EF390F;
			productRefGroup = 8A72F4CC2CEB717300EF390F /* Products */;
			projectDirPath = "";
			projectRoot = "";
			targets = (
				8A72F4CA2CEB717300EF390F /* ToDo List */,
				8A72F4E32CEB717500EF390F /* ToDo ListTests */,
				8A72F4ED2CEB717500EF390F /* ToDo ListUITests */,
			);
		};
/* End PBXProject section */

/* Begin PBXResourcesBuildPhase section */
		8A72F4C92CEB717300EF390F /* Resources */ = {
			isa = PBXResourcesBuildPhase;
			buildActionMask = 2147483647;
			files = (
				8A72F4DB2CEB717500EF390F /* Assets.xcassets in Resources */,
				8A72F4DE2CEB717500EF390F /* Base in Resources */,
				8A72F4D62CEB717300EF390F /* Base in Resources */,
			);
			runOnlyForDeploymentPostprocessing = 0;
		};
		8A72F4E22CEB717500EF390F /* Resources */ = {
			isa = PBXResourcesBuildPhase;
			buildActionMask = 2147483647;
			files = (
			);
			runOnlyForDeploymentPostprocessing = 0;
		};
		8A72F4EC2CEB717500EF390F /* Resources */ = {
			isa = PBXResourcesBuildPhase;
			buildActionMask = 2147483647;
			files = (
			);
			runOnlyForDeploymentPostprocessing = 0;
		};
/* End PBXResourcesBuildPhase section */

/* Begin PBXSourcesBuildPhase section */
		8A72F4C72CEB717300EF390F /* Sources */ = {
			isa = PBXSourcesBuildPhase;
			buildActionMask = 2147483647;
			files = (
				8A72F4CF2CEB717300EF390F /* AppDelegate.swift in Sources */,
				8A72F50C2CEB7A0C00EF390F /* ToDoTableViewCell.swift in Sources */,
				8ADD6BB32CEBDF4C00986F0E /* ToDoListItem+CoreDataClass.swift in Sources */,
				8AB53ED72CECF5E4005F7ADC /* ToDo.swift in Sources */,
				8ADD6BB42CEBDF4C00986F0E /* ToDoListItem+CoreDataProperties.swift in Sources */,
				8A00DCE12CED227200690360 /* EditToDoViewController.swift in Sources */,
				8A72F4D12CEB717300EF390F /* SceneDelegate.swift in Sources */,
				8ADD6BAA2CEBA0D700986F0E /* ToDoListItem.xcdatamodeld in Sources */,
				8A00DCE32CEDF52C00690360 /* CreateToDoViewController.swift in Sources */,
				8A72F50A2CEB75E700EF390F /* ToDoListViewController.swift in Sources */,
				8A7B5EDD2CECAB4D003F516F /* ToDoListManager.swift in Sources */,
				8ADD6BAC2CEBA11200986F0E /* CoreDataManager.swift in Sources */,
				8ADD6BA62CEB9CF200986F0E /* Constants.swift in Sources */,
				8AB53ED62CECF5E4005F7ADC /* ToDoResponse.swift in Sources */,
			);
			runOnlyForDeploymentPostprocessing = 0;
		};
		8A72F4E02CEB717500EF390F /* Sources */ = {
			isa = PBXSourcesBuildPhase;
			buildActionMask = 2147483647;
			files = (
				8A72F4E92CEB717500EF390F /* ToDo_ListTests.swift in Sources */,
			);
			runOnlyForDeploymentPostprocessing = 0;
		};
		8A72F4EA2CEB717500EF390F /* Sources */ = {
			isa = PBXSourcesBuildPhase;
			buildActionMask = 2147483647;
			files = (
				8A72F4F52CEB717500EF390F /* ToDo_ListUITestsLaunchTests.swift in Sources */,
				8A72F4F32CEB717500EF390F /* ToDo_ListUITests.swift in Sources */,
			);
			runOnlyForDeploymentPostprocessing = 0;
		};
/* End PBXSourcesBuildPhase section */

/* Begin PBXTargetDependency section */
		8A72F4E62CEB717500EF390F /* PBXTargetDependency */ = {
			isa = PBXTargetDependency;
			target = 8A72F4CA2CEB717300EF390F /* ToDo List */;
			targetProxy = 8A72F4E52CEB717500EF390F /* PBXContainerItemProxy */;
		};
		8A72F4F02CEB717500EF390F /* PBXTargetDependency */ = {
			isa = PBXTargetDependency;
			target = 8A72F4CA2CEB717300EF390F /* ToDo List */;
			targetProxy = 8A72F4EF2CEB717500EF390F /* PBXContainerItemProxy */;
		};
/* End PBXTargetDependency section */

/* Begin PBXVariantGroup section */
		8A72F4D42CEB717300EF390F /* Main.storyboard */ = {
			isa = PBXVariantGroup;
			children = (
				8A72F4D52CEB717300EF390F /* Base */,
			);
			name = Main.storyboard;
			sourceTree = "<group>";
		};
		8A72F4DC2CEB717500EF390F /* LaunchScreen.storyboard */ = {
			isa = PBXVariantGroup;
			children = (
				8A72F4DD2CEB717500EF390F /* Base */,
			);
			name = LaunchScreen.storyboard;
			sourceTree = "<group>";
		};
/* End PBXVariantGroup section */

/* Begin XCBuildConfiguration section */
		8A72F4F62CEB717500EF390F /* Debug */ = {
			isa = XCBuildConfiguration;
			buildSettings = {
				ALWAYS_SEARCH_USER_PATHS = NO;
				ASSETCATALOG_COMPILER_GENERATE_SWIFT_ASSET_SYMBOL_EXTENSIONS = YES;
				CLANG_ANALYZER_NONNULL = YES;
				CLANG_ANALYZER_NUMBER_OBJECT_CONVERSION = YES_AGGRESSIVE;
				CLANG_CXX_LANGUAGE_STANDARD = "gnu++20";
				CLANG_ENABLE_MODULES = YES;
				CLANG_ENABLE_OBJC_ARC = YES;
				CLANG_ENABLE_OBJC_WEAK = YES;
				CLANG_WARN_BLOCK_CAPTURE_AUTORELEASING = YES;
				CLANG_WARN_BOOL_CONVERSION = YES;
				CLANG_WARN_COMMA = YES;
				CLANG_WARN_CONSTANT_CONVERSION = YES;
				CLANG_WARN_DEPRECATED_OBJC_IMPLEMENTATIONS = YES;
				CLANG_WARN_DIRECT_OBJC_ISA_USAGE = YES_ERROR;
				CLANG_WARN_DOCUMENTATION_COMMENTS = YES;
				CLANG_WARN_EMPTY_BODY = YES;
				CLANG_WARN_ENUM_CONVERSION = YES;
				CLANG_WARN_INFINITE_RECURSION = YES;
				CLANG_WARN_INT_CONVERSION = YES;
				CLANG_WARN_NON_LITERAL_NULL_CONVERSION = YES;
				CLANG_WARN_OBJC_IMPLICIT_RETAIN_SELF = YES;
				CLANG_WARN_OBJC_LITERAL_CONVERSION = YES;
				CLANG_WARN_OBJC_ROOT_CLASS = YES_ERROR;
				CLANG_WARN_QUOTED_INCLUDE_IN_FRAMEWORK_HEADER = YES;
				CLANG_WARN_RANGE_LOOP_ANALYSIS = YES;
				CLANG_WARN_STRICT_PROTOTYPES = YES;
				CLANG_WARN_SUSPICIOUS_MOVE = YES;
				CLANG_WARN_UNGUARDED_AVAILABILITY = YES_AGGRESSIVE;
				CLANG_WARN_UNREACHABLE_CODE = YES;
				CLANG_WARN__DUPLICATE_METHOD_MATCH = YES;
				COPY_PHASE_STRIP = NO;
				DEBUG_INFORMATION_FORMAT = dwarf;
				ENABLE_STRICT_OBJC_MSGSEND = YES;
				ENABLE_TESTABILITY = YES;
				ENABLE_USER_SCRIPT_SANDBOXING = YES;
				GCC_C_LANGUAGE_STANDARD = gnu17;
				GCC_DYNAMIC_NO_PIC = NO;
				GCC_NO_COMMON_BLOCKS = YES;
				GCC_OPTIMIZATION_LEVEL = 0;
				GCC_PREPROCESSOR_DEFINITIONS = (
					"DEBUG=1",
					"$(inherited)",
				);
				GCC_WARN_64_TO_32_BIT_CONVERSION = YES;
				GCC_WARN_ABOUT_RETURN_TYPE = YES_ERROR;
				GCC_WARN_UNDECLARED_SELECTOR = YES;
				GCC_WARN_UNINITIALIZED_AUTOS = YES_AGGRESSIVE;
				GCC_WARN_UNUSED_FUNCTION = YES;
				GCC_WARN_UNUSED_VARIABLE = YES;
				IPHONEOS_DEPLOYMENT_TARGET = 17.5;
				LOCALIZATION_PREFERS_STRING_CATALOGS = YES;
				MTL_ENABLE_DEBUG_INFO = INCLUDE_SOURCE;
				MTL_FAST_MATH = YES;
				ONLY_ACTIVE_ARCH = YES;
				SDKROOT = iphoneos;
				SWIFT_ACTIVE_COMPILATION_CONDITIONS = "DEBUG $(inherited)";
				SWIFT_OPTIMIZATION_LEVEL = "-Onone";
			};
			name = Debug;
		};
		8A72F4F72CEB717500EF390F /* Release */ = {
			isa = XCBuildConfiguration;
			buildSettings = {
				ALWAYS_SEARCH_USER_PATHS = NO;
				ASSETCATALOG_COMPILER_GENERATE_SWIFT_ASSET_SYMBOL_EXTENSIONS = YES;
				CLANG_ANALYZER_NONNULL = YES;
				CLANG_ANALYZER_NUMBER_OBJECT_CONVERSION = YES_AGGRESSIVE;
				CLANG_CXX_LANGUAGE_STANDARD = "gnu++20";
				CLANG_ENABLE_MODULES = YES;
				CLANG_ENABLE_OBJC_ARC = YES;
				CLANG_ENABLE_OBJC_WEAK = YES;
				CLANG_WARN_BLOCK_CAPTURE_AUTORELEASING = YES;
				CLANG_WARN_BOOL_CONVERSION = YES;
				CLANG_WARN_COMMA = YES;
				CLANG_WARN_CONSTANT_CONVERSION = YES;
				CLANG_WARN_DEPRECATED_OBJC_IMPLEMENTATIONS = YES;
				CLANG_WARN_DIRECT_OBJC_ISA_USAGE = YES_ERROR;
				CLANG_WARN_DOCUMENTATION_COMMENTS = YES;
				CLANG_WARN_EMPTY_BODY = YES;
				CLANG_WARN_ENUM_CONVERSION = YES;
				CLANG_WARN_INFINITE_RECURSION = YES;
				CLANG_WARN_INT_CONVERSION = YES;
				CLANG_WARN_NON_LITERAL_NULL_CONVERSION = YES;
				CLANG_WARN_OBJC_IMPLICIT_RETAIN_SELF = YES;
				CLANG_WARN_OBJC_LITERAL_CONVERSION = YES;
				CLANG_WARN_OBJC_ROOT_CLASS = YES_ERROR;
				CLANG_WARN_QUOTED_INCLUDE_IN_FRAMEWORK_HEADER = YES;
				CLANG_WARN_RANGE_LOOP_ANALYSIS = YES;
				CLANG_WARN_STRICT_PROTOTYPES = YES;
				CLANG_WARN_SUSPICIOUS_MOVE = YES;
				CLANG_WARN_UNGUARDED_AVAILABILITY = YES_AGGRESSIVE;
				CLANG_WARN_UNREACHABLE_CODE = YES;
				CLANG_WARN__DUPLICATE_METHOD_MATCH = YES;
				COPY_PHASE_STRIP = NO;
				DEBUG_INFORMATION_FORMAT = "dwarf-with-dsym";
				ENABLE_NS_ASSERTIONS = NO;
				ENABLE_STRICT_OBJC_MSGSEND = YES;
				ENABLE_USER_SCRIPT_SANDBOXING = YES;
				GCC_C_LANGUAGE_STANDARD = gnu17;
				GCC_NO_COMMON_BLOCKS = YES;
				GCC_WARN_64_TO_32_BIT_CONVERSION = YES;
				GCC_WARN_ABOUT_RETURN_TYPE = YES_ERROR;
				GCC_WARN_UNDECLARED_SELECTOR = YES;
				GCC_WARN_UNINITIALIZED_AUTOS = YES_AGGRESSIVE;
				GCC_WARN_UNUSED_FUNCTION = YES;
				GCC_WARN_UNUSED_VARIABLE = YES;
				IPHONEOS_DEPLOYMENT_TARGET = 17.5;
				LOCALIZATION_PREFERS_STRING_CATALOGS = YES;
				MTL_ENABLE_DEBUG_INFO = NO;
				MTL_FAST_MATH = YES;
				SDKROOT = iphoneos;
				SWIFT_COMPILATION_MODE = wholemodule;
				VALIDATE_PRODUCT = YES;
			};
			name = Release;
		};
		8A72F4F92CEB717500EF390F /* Debug */ = {
			isa = XCBuildConfiguration;
			buildSettings = {
				ASSETCATALOG_COMPILER_APPICON_NAME = AppIcon;
				ASSETCATALOG_COMPILER_GLOBAL_ACCENT_COLOR_NAME = AccentColor;
				CODE_SIGN_STYLE = Automatic;
				CURRENT_PROJECT_VERSION = 1;
				DEVELOPMENT_TEAM = JFTASX972H;
				GENERATE_INFOPLIST_FILE = YES;
				INFOPLIST_FILE = "ToDo List/Info.plist";
				INFOPLIST_KEY_UIApplicationSupportsIndirectInputEvents = YES;
				INFOPLIST_KEY_UILaunchStoryboardName = LaunchScreen;
				INFOPLIST_KEY_UIMainStoryboardFile = Main;
				INFOPLIST_KEY_UIStatusBarStyle = "";
				INFOPLIST_KEY_UISupportedInterfaceOrientations = "UIInterfaceOrientationLandscapeRight UIInterfaceOrientationPortrait";
				INFOPLIST_KEY_UISupportedInterfaceOrientations_iPad = "UIInterfaceOrientationPortrait UIInterfaceOrientationPortraitUpsideDown";
				IPHONEOS_DEPLOYMENT_TARGET = 15.0;
				LD_RUNPATH_SEARCH_PATHS = (
					"$(inherited)",
					"@executable_path/Frameworks",
				);
				MARKETING_VERSION = 0.1;
				PRODUCT_BUNDLE_IDENTIFIER = "com.Grig.ToDo-List";
				PRODUCT_NAME = "$(TARGET_NAME)";
				SWIFT_EMIT_LOC_STRINGS = YES;
				SWIFT_VERSION = 5.0;
				TARGETED_DEVICE_FAMILY = "1,2";
			};
			name = Debug;
		};
		8A72F4FA2CEB717500EF390F /* Release */ = {
			isa = XCBuildConfiguration;
			buildSettings = {
				ASSETCATALOG_COMPILER_APPICON_NAME = AppIcon;
				ASSETCATALOG_COMPILER_GLOBAL_ACCENT_COLOR_NAME = AccentColor;
				CODE_SIGN_STYLE = Automatic;
				CURRENT_PROJECT_VERSION = 1;
				DEVELOPMENT_TEAM = JFTASX972H;
				GENERATE_INFOPLIST_FILE = YES;
				INFOPLIST_FILE = "ToDo List/Info.plist";
				INFOPLIST_KEY_UIApplicationSupportsIndirectInputEvents = YES;
				INFOPLIST_KEY_UILaunchStoryboardName = LaunchScreen;
				INFOPLIST_KEY_UIMainStoryboardFile = Main;
				INFOPLIST_KEY_UIStatusBarStyle = "";
				INFOPLIST_KEY_UISupportedInterfaceOrientations = "UIInterfaceOrientationLandscapeRight UIInterfaceOrientationPortrait";
				INFOPLIST_KEY_UISupportedInterfaceOrientations_iPad = "UIInterfaceOrientationPortrait UIInterfaceOrientationPortraitUpsideDown";
				IPHONEOS_DEPLOYMENT_TARGET = 15.0;
				LD_RUNPATH_SEARCH_PATHS = (
					"$(inherited)",
					"@executable_path/Frameworks",
				);
				MARKETING_VERSION = 0.1;
				PRODUCT_BUNDLE_IDENTIFIER = "com.Grig.ToDo-List";
				PRODUCT_NAME = "$(TARGET_NAME)";
				SWIFT_EMIT_LOC_STRINGS = YES;
				SWIFT_VERSION = 5.0;
				TARGETED_DEVICE_FAMILY = "1,2";
			};
			name = Release;
		};
		8A72F4FC2CEB717600EF390F /* Debug */ = {
			isa = XCBuildConfiguration;
			buildSettings = {
				ALWAYS_EMBED_SWIFT_STANDARD_LIBRARIES = YES;
				BUNDLE_LOADER = "$(TEST_HOST)";
				CODE_SIGN_STYLE = Automatic;
				CURRENT_PROJECT_VERSION = 1;
				DEVELOPMENT_TEAM = JFTASX972H;
				GENERATE_INFOPLIST_FILE = YES;
				IPHONEOS_DEPLOYMENT_TARGET = 17.5;
				MARKETING_VERSION = 1.0;
				PRODUCT_BUNDLE_IDENTIFIER = "com.Grig.ToDo-ListTests";
				PRODUCT_NAME = "$(TARGET_NAME)";
				SWIFT_EMIT_LOC_STRINGS = NO;
				SWIFT_VERSION = 5.0;
				TARGETED_DEVICE_FAMILY = "1,2";
				TEST_HOST = "$(BUILT_PRODUCTS_DIR)/ToDo List.app/$(BUNDLE_EXECUTABLE_FOLDER_PATH)/ToDo List";
			};
			name = Debug;
		};
		8A72F4FD2CEB717600EF390F /* Release */ = {
			isa = XCBuildConfiguration;
			buildSettings = {
				ALWAYS_EMBED_SWIFT_STANDARD_LIBRARIES = YES;
				BUNDLE_LOADER = "$(TEST_HOST)";
				CODE_SIGN_STYLE = Automatic;
				CURRENT_PROJECT_VERSION = 1;
				DEVELOPMENT_TEAM = JFTASX972H;
				GENERATE_INFOPLIST_FILE = YES;
				IPHONEOS_DEPLOYMENT_TARGET = 17.5;
				MARKETING_VERSION = 1.0;
				PRODUCT_BUNDLE_IDENTIFIER = "com.Grig.ToDo-ListTests";
				PRODUCT_NAME = "$(TARGET_NAME)";
				SWIFT_EMIT_LOC_STRINGS = NO;
				SWIFT_VERSION = 5.0;
				TARGETED_DEVICE_FAMILY = "1,2";
				TEST_HOST = "$(BUILT_PRODUCTS_DIR)/ToDo List.app/$(BUNDLE_EXECUTABLE_FOLDER_PATH)/ToDo List";
			};
			name = Release;
		};
		8A72F4FF2CEB717600EF390F /* Debug */ = {
			isa = XCBuildConfiguration;
			buildSettings = {
				ALWAYS_EMBED_SWIFT_STANDARD_LIBRARIES = YES;
				CODE_SIGN_STYLE = Automatic;
				CURRENT_PROJECT_VERSION = 1;
				DEVELOPMENT_TEAM = JFTASX972H;
				GENERATE_INFOPLIST_FILE = YES;
				MARKETING_VERSION = 1.0;
				PRODUCT_BUNDLE_IDENTIFIER = "com.Grig.ToDo-ListUITests";
				PRODUCT_NAME = "$(TARGET_NAME)";
				SWIFT_EMIT_LOC_STRINGS = NO;
				SWIFT_VERSION = 5.0;
				TARGETED_DEVICE_FAMILY = "1,2";
				TEST_TARGET_NAME = "ToDo List";
			};
			name = Debug;
		};
		8A72F5002CEB717600EF390F /* Release */ = {
			isa = XCBuildConfiguration;
			buildSettings = {
				ALWAYS_EMBED_SWIFT_STANDARD_LIBRARIES = YES;
				CODE_SIGN_STYLE = Automatic;
				CURRENT_PROJECT_VERSION = 1;
				DEVELOPMENT_TEAM = JFTASX972H;
				GENERATE_INFOPLIST_FILE = YES;
				MARKETING_VERSION = 1.0;
				PRODUCT_BUNDLE_IDENTIFIER = "com.Grig.ToDo-ListUITests";
				PRODUCT_NAME = "$(TARGET_NAME)";
				SWIFT_EMIT_LOC_STRINGS = NO;
				SWIFT_VERSION = 5.0;
				TARGETED_DEVICE_FAMILY = "1,2";
				TEST_TARGET_NAME = "ToDo List";
			};
			name = Release;
		};
/* End XCBuildConfiguration section */

/* Begin XCConfigurationList section */
		8A72F4C62CEB717300EF390F /* Build configuration list for PBXProject "ToDo List" */ = {
			isa = XCConfigurationList;
			buildConfigurations = (
				8A72F4F62CEB717500EF390F /* Debug */,
				8A72F4F72CEB717500EF390F /* Release */,
			);
			defaultConfigurationIsVisible = 0;
			defaultConfigurationName = Release;
		};
		8A72F4F82CEB717500EF390F /* Build configuration list for PBXNativeTarget "ToDo List" */ = {
			isa = XCConfigurationList;
			buildConfigurations = (
				8A72F4F92CEB717500EF390F /* Debug */,
				8A72F4FA2CEB717500EF390F /* Release */,
			);
			defaultConfigurationIsVisible = 0;
			defaultConfigurationName = Release;
		};
		8A72F4FB2CEB717600EF390F /* Build configuration list for PBXNativeTarget "ToDo ListTests" */ = {
			isa = XCConfigurationList;
			buildConfigurations = (
				8A72F4FC2CEB717600EF390F /* Debug */,
				8A72F4FD2CEB717600EF390F /* Release */,
			);
			defaultConfigurationIsVisible = 0;
			defaultConfigurationName = Release;
		};
		8A72F4FE2CEB717600EF390F /* Build configuration list for PBXNativeTarget "ToDo ListUITests" */ = {
			isa = XCConfigurationList;
			buildConfigurations = (
				8A72F4FF2CEB717600EF390F /* Debug */,
				8A72F5002CEB717600EF390F /* Release */,
			);
			defaultConfigurationIsVisible = 0;
			defaultConfigurationName = Release;
		};
/* End XCConfigurationList section */

/* Begin XCVersionGroup section */
		8ADD6BA82CEBA0D700986F0E /* ToDoListItem.xcdatamodeld */ = {
			isa = XCVersionGroup;
			children = (
				8ADD6BA92CEBA0D700986F0E /* ToDo.xcdatamodel */,
			);
			currentVersion = 8ADD6BA92CEBA0D700986F0E /* ToDo.xcdatamodel */;
			path = ToDoListItem.xcdatamodeld;
			sourceTree = "<group>";
			versionGroupType = wrapper.xcdatamodel;
		};
/* End XCVersionGroup section */
	};
	rootObject = 8A72F4C32CEB717300EF390F /* Project object */;
}
